# THIS IS AN AUTOGENERATED FILE. DO NOT EDIT THIS FILE DIRECTLY.
# yarn lockfile v1


"@types/facebook-js-sdk@2.8.3":
  version "2.8.3"
  resolved "https://registry.yarnpkg.com/@types/facebook-js-sdk/-/facebook-js-sdk-2.8.3.tgz#28db179c28bcd4faca13d38f27f72e1702f330f6"

cross-fetch@^2.2.1:
  version "2.2.1"
  resolved "https://registry.yarnpkg.com/cross-fetch/-/cross-fetch-2.2.1.tgz#96c859104d75defc967fb5db62474e75426b02b0"
  dependencies:
    node-fetch "2.1.2"
    whatwg-fetch "2.0.4"

form-urlencoded@2.0.7:
  version "2.0.7"
  resolved "https://registry.yarnpkg.com/form-urlencoded/-/form-urlencoded-2.0.7.tgz#c9362dd9c5c6049d489919ea9efb4c07ad1671aa"

node-fetch@2.1.2:
  version "2.1.2"
  resolved "https://registry.yarnpkg.com/node-fetch/-/node-fetch-2.1.2.tgz#ab884e8e7e57e38a944753cec706f788d1768bb5"

typescript@2.8.3:
  version "2.8.3"
  resolved "https://registry.yarnpkg.com/typescript/-/typescript-2.8.3.tgz#5d817f9b6f31bb871835f4edf0089f21abe6c170"

whatwg-fetch@2.0.4:
  version "2.0.4"
  resolved "https://registry.yarnpkg.com/whatwg-fetch/-/whatwg-fetch-2.0.4.tgz#dde6a5df315f9d39991aa17621853d720b85566f"
