{
	"name": "@leancode/login-manager",
	"version": "3.2.59",
	"lockfileVersion": 1,
	"requires": true,
	"dependencies": {
		"@types/facebook-js-sdk": {
			"version": "2.8.3",
			"resolved": "https://registry.npmjs.org/@types/facebook-js-sdk/-/facebook-js-sdk-2.8.3.tgz",
			"integrity": "sha512-+c5ontoZn812+7fLnPSbeHWJ6ueqN2FZNTEVVYK8UYRHvIkPHmYorj9qqsp6zNTUrYALVfn9E1zlEBPmPgLJog==",
			"dev": true
		},
		"cross-fetch": {
			"version": "2.2.1",
			"resolved": "https://registry.npmjs.org/cross-fetch/-/cross-fetch-2.2.1.tgz",
			"integrity": "sha1-lshZEE113vyWf7XbYkdOdUJrArA=",
			"requires": {
				"node-fetch": "2.1.2",
				"whatwg-fetch": "2.0.4"
			}
		},
		"form-urlencoded": {
			"version": "2.0.7",
			"resolved": "https://registry.npmjs.org/form-urlencoded/-/form-urlencoded-2.0.7.tgz",
			"integrity": "sha512-VLmKkxXVtoE1x2deirWbeejraDHx4g1EWNZHLm9zKQax4b55mQ7ZJrqjfxTj2sU+YHRp7u0dEwJtJNPcnvoC+w=="
		},
		"node-fetch": {
			"version": "2.1.2",
			"resolved": "https://registry.npmjs.org/node-fetch/-/node-fetch-2.1.2.tgz",
			"integrity": "sha1-q4hOjn5X44qUR1POxwb3iNF2i7U="
		},
		"typescript": {
			"version": "2.9.2",
			"resolved": "https://registry.npmjs.org/typescript/-/typescript-2.9.2.tgz",
			"integrity": "sha512-Gr4p6nFNaoufRIY4NMdpQRNmgxVIGMs4Fcu/ujdYk3nAZqk7supzBE9idmvfZIlH/Cuj//dvi+019qEue9lV0w=="
		},
		"whatwg-fetch": {
			"version": "2.0.4",
			"resolved": "https://registry.npmjs.org/whatwg-fetch/-/whatwg-fetch-2.0.4.tgz",
			"integrity": "sha512-dcQ1GWpOD/eEQ97k66aiEVpNnapVj90/+R+SXTPYGHpYBBypfKJEQjLrvMZ7YXbKm21gXd4NcuxUTjiv1YtLng=="
		}
	}
}
