{
  "name": "@leancode/cqrs-client",
  "version": "0.2.0-alpha.10",
  "lockfileVersion": 1,
  "dependencies": {
    "@leancode/login-manager": {
      "version": "0.2.0-alpha.10",
      "resolved": "https://www.myget.org/F/leancode/npm/@leancode/login-manager/-/@leancode/login-manager-0.2.0-alpha.10.tgz",
      "integrity": "sha1-Ud/4OChzjDE7MGq6Rbt7/Ms6kYU="
    }
  }
}
