{
  "name": "@leancode/cqrs-client",
  "version": "0.2.0-alpha.18",
  "lockfileVersion": 1,
  "dependencies": {
    "@leancode/login-manager": {
      "version": "0.2.0-alpha.10",
      "resolved": "https://www.myget.org/F/leancode/npm/@leancode/login-manager/-/@leancode/login-manager-0.2.0-alpha.10.tgz",
      "integrity": "sha1-Ud/4OChzjDE7MGq6Rbt7/Ms6kYU="
    },
    "typescript": {
      "version": "2.5.3",
      "resolved": "https://registry.npmjs.org/typescript/-/typescript-2.5.3.tgz",
      "integrity": "sha512-ptLSQs2S4QuS6/OD1eAKG+S5G8QQtrU5RT32JULdZQtM1L3WTi34Wsu48Yndzi8xsObRAB9RPt/KhA9wlpEF6w==",
      "dev": true
    }
  }
}
