{
  "name": "@leancode/login-manager",
  "version": "0.2.0-alpha.10",
  "lockfileVersion": 1,
  "dependencies": {
    "@types/facebook-js-sdk": {
      "version": "2.8.3",
      "resolved": "https://registry.npmjs.org/@types/facebook-js-sdk/-/facebook-js-sdk-2.8.3.tgz",
      "integrity": "sha512-+c5ontoZn812+7fLnPSbeHWJ6ueqN2FZNTEVVYK8UYRHvIkPHmYorj9qqsp6zNTUrYALVfn9E1zlEBPmPgLJog==",
      "dev": true
    },
    "typescript": {
      "version": "2.5.3",
      "resolved": "https://registry.npmjs.org/typescript/-/typescript-2.5.3.tgz",
      "integrity": "sha512-ptLSQs2S4QuS6/OD1eAKG+S5G8QQtrU5RT32JULdZQtM1L3WTi34Wsu48Yndzi8xsObRAB9RPt/KhA9wlpEF6w==",
      "dev": true
    }
  }
}
